
Microsoft Visual Studio Solution File, Format Version 12.00
# Visual Studio Version 16
VisualStudioVersion = 16.0.31702.278
MinimumVisualStudioVersion = 10.0.40219.1
Project("{9A19103F-16F7-4668-BE54-9A1E7A4F7556}") = "StaffDirectory", "StaffDirectory_Ansarad\StaffDirectory.csproj", "{1828D5A5-2F17-4408-9CD1-B298A8AAF88E}"
EndProject
Project("{FAE04EC0-301F-11D3-BF4B-00C04F79EFBC}") = "StaffDirectoryTests", "StaffDirectoryTests\StaffDirectoryTests.csproj", "{E36AB55C-7FE5-4103-9AA4-A7820909EFBC}"
EndProject
Global
	GlobalSection(SolutionConfigurationPlatforms) = preSolution
		Debug|Any CPU = Debug|Any CPU
		Release|Any CPU = Release|Any CPU
	EndGlobalSection
	GlobalSection(ProjectConfigurationPlatforms) = postSolution
		{1828D5A5-2F17-4408-9CD1-B298A8AAF88E}.Debug|Any CPU.ActiveCfg = Debug|Any CPU
		{1828D5A5-2F17-4408-9CD1-B298A8AAF88E}.Debug|Any CPU.Build.0 = Debug|Any CPU
		{1828D5A5-2F17-4408-9CD1-B298A8AAF88E}.Release|Any CPU.ActiveCfg = Release|Any CPU
		{1828D5A5-2F17-4408-9CD1-B298A8AAF88E}.Release|Any CPU.Build.0 = Release|Any CPU
		{E36AB55C-7FE5-4103-9AA4-A7820909EFBC}.Debug|Any CPU.ActiveCfg = Debug|Any CPU
		{E36AB55C-7FE5-4103-9AA4-A7820909EFBC}.Debug|Any CPU.Build.0 = Debug|Any CPU
		{E36AB55C-7FE5-4103-9AA4-A7820909EFBC}.Release|Any CPU.ActiveCfg = Release|Any CPU
		{E36AB55C-7FE5-4103-9AA4-A7820909EFBC}.Release|Any CPU.Build.0 = Release|Any CPU
	EndGlobalSection
	GlobalSection(SolutionProperties) = preSolution
		HideSolutionNode = FALSE
	EndGlobalSection
	GlobalSection(ExtensibilityGlobals) = postSolution
		SolutionGuid = {5905CB28-6495-4B51-B935-DF874FB3D39B}
	EndGlobalSection
EndGlobal
